// !$*UTF8*$!
{
	archiveVersion = 1;
	classes = {
	};
	objectVersion = 50;
	objects = {

/* Begin PBXBuildFile section */
		DE4D2B6021623F910019EFC8 /* APIManager.swift in Sources */ = {isa = PBXBuildFile; fileRef = DE4D2B5F21623F910019EFC8 /* APIManager.swift */; };
		DE8694E621144E480028CC36 /* AppDelegate.swift in Sources */ = {isa = PBXBuildFile; fileRef = DE8694E521144E480028CC36 /* AppDelegate.swift */; };
		DE8694E821144E480028CC36 /* ViewController.swift in Sources */ = {isa = PBXBuildFile; fileRef = DE8694E721144E480028CC36 /* ViewController.swift */; };
		DE8694EB21144E480028CC36 /* Main.storyboard in Resources */ = {isa = PBXBuildFile; fileRef = DE8694E921144E480028CC36 /* Main.storyboard */; };
		DE8694ED21144E570028CC36 /* Assets.xcassets in Resources */ = {isa = PBXBuildFile; fileRef = DE8694EC21144E570028CC36 /* Assets.xcassets */; };
		DE8694F021144E570028CC36 /* LaunchScreen.storyboard in Resources */ = {isa = PBXBuildFile; fileRef = DE8694EE21144E570028CC36 /* LaunchScreen.storyboard */; };
		DE8694F821145A420028CC36 /* QRViewController.swift in Sources */ = {isa = PBXBuildFile; fileRef = DE8694F721145A420028CC36 /* QRViewController.swift */; };
		DE8694FA21145A920028CC36 /* ARScenekitViewController.swift in Sources */ = {isa = PBXBuildFile; fileRef = DE8694F921145A920028CC36 /* ARScenekitViewController.swift */; };
/* End PBXBuildFile section */

/* Begin PBXFileReference section */
		DE4D2B5F21623F910019EFC8 /* APIManager.swift */ = {isa = PBXFileReference; lastKnownFileType = sourcecode.swift; path = APIManager.swift; sourceTree = "<group>"; };
		DE8694E221144E480028CC36 /* ARSceneView_QRReadder.app */ = {isa = PBXFileReference; explicitFileType = wrapper.application; includeInIndex = 0; path = ARSceneView_QRReadder.app; sourceTree = BUILT_PRODUCTS_DIR; };
		DE8694E521144E480028CC36 /* AppDelegate.swift */ = {isa = PBXFileReference; lastKnownFileType = sourcecode.swift; path = AppDelegate.swift; sourceTree = "<group>"; };
		DE8694E721144E480028CC36 /* ViewController.swift */ = {isa = PBXFileReference; lastKnownFileType = sourcecode.swift; path = ViewController.swift; sourceTree = "<group>"; };
		DE8694EA21144E480028CC36 /* Base */ = {isa = PBXFileReference; lastKnownFileType = file.storyboard; name = Base; path = Base.lproj/Main.storyboard; sourceTree = "<group>"; };
		DE8694EC21144E570028CC36 /* Assets.xcassets */ = {isa = PBXFileReference; lastKnownFileType = folder.assetcatalog; path = Assets.xcassets; sourceTree = "<group>"; };
		DE8694EF21144E570028CC36 /* Base */ = {isa = PBXFileReference; lastKnownFileType = file.storyboard; name = Base; path = Base.lproj/LaunchScreen.storyboard; sourceTree = "<group>"; };
		DE8694F121144E570028CC36 /* Info.plist */ = {isa = PBXFileReference; lastKnownFileType = text.plist.xml; path = Info.plist; sourceTree = "<group>"; };
		DE8694F721145A420028CC36 /* QRViewController.swift */ = {isa = PBXFileReference; lastKnownFileType = sourcecode.swift; path = QRViewController.swift; sourceTree = "<group>"; };
		DE8694F921145A920028CC36 /* ARScenekitViewController.swift */ = {isa = PBXFileReference; lastKnownFileType = sourcecode.swift; path = ARScenekitViewController.swift; sourceTree = "<group>"; };
/* End PBXFileReference section */

/* Begin PBXFrameworksBuildPhase section */
		DE8694DF21144E480028CC36 /* Frameworks */ = {
			isa = PBXFrameworksBuildPhase;
			buildActionMask = 2147483647;
			files = (
			);
			runOnlyForDeploymentPostprocessing = 0;
		};
/* End PBXFrameworksBuildPhase section */

/* Begin PBXGroup section */
		DE8694D921144E480028CC36 = {
			isa = PBXGroup;
			children = (
				DE8694E421144E480028CC36 /* ARSceneView_QRReadder */,
				DE8694E321144E480028CC36 /* Products */,
			);
			sourceTree = "<group>";
		};
		DE8694E321144E480028CC36 /* Products */ = {
			isa = PBXGroup;
			children = (
				DE8694E221144E480028CC36 /* ARSceneView_QRReadder.app */,
			);
			name = Products;
			sourceTree = "<group>";
		};
		DE8694E421144E480028CC36 /* ARSceneView_QRReadder */ = {
			isa = PBXGroup;
			children = (
				DE8694E521144E480028CC36 /* AppDelegate.swift */,
				DE8694E721144E480028CC36 /* ViewController.swift */,
				DE8694E921144E480028CC36 /* Main.storyboard */,
				DE8694EC21144E570028CC36 /* Assets.xcassets */,
				DE8694EE21144E570028CC36 /* LaunchScreen.storyboard */,
				DE8694F121144E570028CC36 /* Info.plist */,
				DE8694F721145A420028CC36 /* QRViewController.swift */,
				DE8694F921145A920028CC36 /* ARScenekitViewController.swift */,
				DE4D2B5F21623F910019EFC8 /* APIManager.swift */,
			);
			path = ARSceneView_QRReadder;
			sourceTree = "<group>";
		};
/* End PBXGroup section */

/* Begin PBXNativeTarget section */
		DE8694E121144E480028CC36 /* ARSceneView_QRReadder */ = {
			isa = PBXNativeTarget;
			buildConfigurationList = DE8694F421144E570028CC36 /* Build configuration list for PBXNativeTarget "ARSceneView_QRReadder" */;
			buildPhases = (
				DE8694DE21144E480028CC36 /* Sources */,
				DE8694DF21144E480028CC36 /* Frameworks */,
				DE8694E021144E480028CC36 /* Resources */,
			);
			buildRules = (
			);
			dependencies = (
			);
			name = ARSceneView_QRReadder;
			productName = ARSceneView_QRReadder;
			productReference = DE8694E221144E480028CC36 /* ARSceneView_QRReadder.app */;
			productType = "com.apple.product-type.application";
		};
/* End PBXNativeTarget section */

/* Begin PBXProject section */
		DE8694DA21144E480028CC36 /* Project object */ = {
			isa = PBXProject;
			attributes = {
				LastSwiftUpdateCheck = 0940;
				LastUpgradeCheck = 0940;
				ORGANIZATIONNAME = SAG;
				TargetAttributes = {
					DE8694E121144E480028CC36 = {
						CreatedOnToolsVersion = 9.4.1;
					};
				};
			};
			buildConfigurationList = DE8694DD21144E480028CC36 /* Build configuration list for PBXProject "ARSceneView_QRReadder" */;
			compatibilityVersion = "Xcode 9.3";
			developmentRegion = en;
			hasScannedForEncodings = 0;
			knownRegions = (
				en,
				Base,
			);
			mainGroup = DE8694D921144E480028CC36;
			productRefGroup = DE8694E321144E480028CC36 /* Products */;
			projectDirPath = "";
			projectRoot = "";
			targets = (
				DE8694E121144E480028CC36 /* ARSceneView_QRReadder */,
			);
		};
/* End PBXProject section */

/* Begin PBXResourcesBuildPhase section */
		DE8694E021144E480028CC36 /* Resources */ = {
			isa = PBXResourcesBuildPhase;
			buildActionMask = 2147483647;
			files = (
				DE8694F021144E570028CC36 /* LaunchScreen.storyboard in Resources */,
				DE8694ED21144E570028CC36 /* Assets.xcassets in Resources */,
				DE8694EB21144E480028CC36 /* Main.storyboard in Resources */,
			);
			runOnlyForDeploymentPostprocessing = 0;
		};
/* End PBXResourcesBuildPhase section */

/* Begin PBXSourcesBuildPhase section */
		DE8694DE21144E480028CC36 /* Sources */ = {
			isa = PBXSourcesBuildPhase;
			buildActionMask = 2147483647;
			files = (
				DE8694E821144E480028CC36 /* ViewController.swift in Sources */,
				DE8694FA21145A920028CC36 /* ARScenekitViewController.swift in Sources */,
				DE4D2B6021623F910019EFC8 /* APIManager.swift in Sources */,
				DE8694E621144E480028CC36 /* AppDelegate.swift in Sources */,
				DE8694F821145A420028CC36 /* QRViewController.swift in Sources */,
			);
			runOnlyForDeploymentPostprocessing = 0;
		};
/* End PBXSourcesBuildPhase section */

/* Begin PBXVariantGroup section */
		DE8694E921144E480028CC36 /* Main.storyboard */ = {
			isa = PBXVariantGroup;
			children = (
				DE8694EA21144E480028CC36 /* Base */,
			);
			name = Main.storyboard;
			sourceTree = "<group>";
		};
		DE8694EE21144E570028CC36 /* LaunchScreen.storyboard */ = {
			isa = PBXVariantGroup;
			children = (
				DE8694EF21144E570028CC36 /* Base */,
			);
			name = LaunchScreen.storyboard;
			sourceTree = "<group>";
		};
/* End PBXVariantGroup section */

/* Begin XCBuildConfiguration section */
		DE8694F221144E570028CC36 /* Debug */ = {
			isa = XCBuildConfiguration;
			buildSettings = {
				ALWAYS_SEARCH_USER_PATHS = NO;
				CLANG_ANALYZER_NONNULL = YES;
				CLANG_ANALYZER_NUMBER_OBJECT_CONVERSION = YES_AGGRESSIVE;
				CLANG_CXX_LANGUAGE_STANDARD = "gnu++14";
				CLANG_CXX_LIBRARY = "libc++";
				CLANG_ENABLE_MODULES = YES;
				CLANG_ENABLE_OBJC_ARC = YES;
				CLANG_ENABLE_OBJC_WEAK = YES;
				CLANG_WARN_BLOCK_CAPTURE_AUTORELEASING = YES;
				CLANG_WARN_BOOL_CONVERSION = YES;
				CLANG_WARN_COMMA = YES;
				CLANG_WARN_CONSTANT_CONVERSION = YES;
				CLANG_WARN_DEPRECATED_OBJC_IMPLEMENTATIONS = YES;
				CLANG_WARN_DIRECT_OBJC_ISA_USAGE = YES_ERROR;
				CLANG_WARN_DOCUMENTATION_COMMENTS = YES;
				CLANG_WARN_EMPTY_BODY = YES;
				CLANG_WARN_ENUM_CONVERSION = YES;
				CLANG_WARN_INFINITE_RECURSION = YES;
				CLANG_WARN_INT_CONVERSION = YES;
				CLANG_WARN_NON_LITERAL_NULL_CONVERSION = YES;
				CLANG_WARN_OBJC_IMPLICIT_RETAIN_SELF = YES;
				CLANG_WARN_OBJC_LITERAL_CONVERSION = YES;
				CLANG_WARN_OBJC_ROOT_CLASS = YES_ERROR;
				CLANG_WARN_RANGE_LOOP_ANALYSIS = YES;
				CLANG_WARN_STRICT_PROTOTYPES = YES;
				CLANG_WARN_SUSPICIOUS_MOVE = YES;
				CLANG_WARN_UNGUARDED_AVAILABILITY = YES_AGGRESSIVE;
				CLANG_WARN_UNREACHABLE_CODE = YES;
				CLANG_WARN__DUPLICATE_METHOD_MATCH = YES;
				CODE_SIGN_IDENTITY = "iPhone Developer";
				COPY_PHASE_STRIP = NO;
				DEBUG_INFORMATION_FORMAT = dwarf;
				ENABLE_STRICT_OBJC_MSGSEND = YES;
				ENABLE_TESTABILITY = YES;
				GCC_C_LANGUAGE_STANDARD = gnu11;
				GCC_DYNAMIC_NO_PIC = NO;
				GCC_NO_COMMON_BLOCKS = YES;
				GCC_OPTIMIZATION_LEVEL = 0;
				GCC_PREPROCESSOR_DEFINITIONS = (
					"DEBUG=1",
					"$(inherited)",
				);
				GCC_WARN_64_TO_32_BIT_CONVERSION = YES;
				GCC_WARN_ABOUT_RETURN_TYPE = YES_ERROR;
				GCC_WARN_UNDECLARED_SELECTOR = YES;
				GCC_WARN_UNINITIALIZED_AUTOS = YES_AGGRESSIVE;
				GCC_WARN_UNUSED_FUNCTION = YES;
				GCC_WARN_UNUSED_VARIABLE = YES;
				IPHONEOS_DEPLOYMENT_TARGET = 11.4;
				MTL_ENABLE_DEBUG_INFO = YES;
				ONLY_ACTIVE_ARCH = YES;
				SDKROOT = iphoneos;
				SWIFT_ACTIVE_COMPILATION_CONDITIONS = DEBUG;
				SWIFT_OPTIMIZATION_LEVEL = "-Onone";
			};
			name = Debug;
		};
		DE8694F321144E570028CC36 /* Release */ = {
			isa = XCBuildConfiguration;
			buildSettings = {
				ALWAYS_SEARCH_USER_PATHS = NO;
				CLANG_ANALYZER_NONNULL = YES;
				CLANG_ANALYZER_NUMBER_OBJECT_CONVERSION = YES_AGGRESSIVE;
				CLANG_CXX_LANGUAGE_STANDARD = "gnu++14";
				CLANG_CXX_LIBRARY = "libc++";
				CLANG_ENABLE_MODULES = YES;
				CLANG_ENABLE_OBJC_ARC = YES;
				CLANG_ENABLE_OBJC_WEAK = YES;
				CLANG_WARN_BLOCK_CAPTURE_AUTORELEASING = YES;
				CLANG_WARN_BOOL_CONVERSION = YES;
				CLANG_WARN_COMMA = YES;
				CLANG_WARN_CONSTANT_CONVERSION = YES;
				CLANG_WARN_DEPRECATED_OBJC_IMPLEMENTATIONS = YES;
				CLANG_WARN_DIRECT_OBJC_ISA_USAGE = YES_ERROR;
				CLANG_WARN_DOCUMENTATION_COMMENTS = YES;
				CLANG_WARN_EMPTY_BODY = YES;
				CLANG_WARN_ENUM_CONVERSION = YES;
				CLANG_WARN_INFINITE_RECURSION = YES;
				CLANG_WARN_INT_CONVERSION = YES;
				CLANG_WARN_NON_LITERAL_NULL_CONVERSION = YES;
				CLANG_WARN_OBJC_IMPLICIT_RETAIN_SELF = YES;
				CLANG_WARN_OBJC_LITERAL_CONVERSION = YES;
				CLANG_WARN_OBJC_ROOT_CLASS = YES_ERROR;
				CLANG_WARN_RANGE_LOOP_ANALYSIS = YES;
				CLANG_WARN_STRICT_PROTOTYPES = YES;
				CLANG_WARN_SUSPICIOUS_MOVE = YES;
				CLANG_WARN_UNGUARDED_AVAILABILITY = YES_AGGRESSIVE;
				CLANG_WARN_UNREACHABLE_CODE = YES;
				CLANG_WARN__DUPLICATE_METHOD_MATCH = YES;
				CODE_SIGN_IDENTITY = "iPhone Developer";
				COPY_PHASE_STRIP = NO;
				DEBUG_INFORMATION_FORMAT = "dwarf-with-dsym";
				ENABLE_NS_ASSERTIONS = NO;
				ENABLE_STRICT_OBJC_MSGSEND = YES;
				GCC_C_LANGUAGE_STANDARD = gnu11;
				GCC_NO_COMMON_BLOCKS = YES;
				GCC_WARN_64_TO_32_BIT_CONVERSION = YES;
				GCC_WARN_ABOUT_RETURN_TYPE = YES_ERROR;
				GCC_WARN_UNDECLARED_SELECTOR = YES;
				GCC_WARN_UNINITIALIZED_AUTOS = YES_AGGRESSIVE;
				GCC_WARN_UNUSED_FUNCTION = YES;
				GCC_WARN_UNUSED_VARIABLE = YES;
				IPHONEOS_DEPLOYMENT_TARGET = 11.4;
				MTL_ENABLE_DEBUG_INFO = NO;
				SDKROOT = iphoneos;
				SWIFT_COMPILATION_MODE = wholemodule;
				SWIFT_OPTIMIZATION_LEVEL = "-O";
				VALIDATE_PRODUCT = YES;
			};
			name = Release;
		};
		DE8694F521144E570028CC36 /* Debug */ = {
			isa = XCBuildConfiguration;
			buildSettings = {
				ASSETCATALOG_COMPILER_APPICON_NAME = AppIconNikarin;
				CODE_SIGN_STYLE = Automatic;
				DEVELOPMENT_TEAM = MS594492KK;
				INFOPLIST_FILE = ARSceneView_QRReadder/Info.plist;
				IPHONEOS_DEPLOYMENT_TARGET = 12.0;
				LD_RUNPATH_SEARCH_PATHS = (
					"$(inherited)",
					"@executable_path/Frameworks",
				);
				PRODUCT_BUNDLE_IDENTIFIER = "com.softwareag.ARSceneView-QRReadder";
				PRODUCT_NAME = "$(TARGET_NAME)";
				SWIFT_VERSION = 4.0;
				TARGETED_DEVICE_FAMILY = "1,2";
			};
			name = Debug;
		};
		DE8694F621144E570028CC36 /* Release */ = {
			isa = XCBuildConfiguration;
			buildSettings = {
				ASSETCATALOG_COMPILER_APPICON_NAME = AppIconNikarin;
				CODE_SIGN_STYLE = Automatic;
				DEVELOPMENT_TEAM = MS594492KK;
				INFOPLIST_FILE = ARSceneView_QRReadder/Info.plist;
				IPHONEOS_DEPLOYMENT_TARGET = 12.0;
				LD_RUNPATH_SEARCH_PATHS = (
					"$(inherited)",
					"@executable_path/Frameworks",
				);
				PRODUCT_BUNDLE_IDENTIFIER = "com.softwareag.ARSceneView-QRReadder";
				PRODUCT_NAME = "$(TARGET_NAME)";
				SWIFT_VERSION = 4.0;
				TARGETED_DEVICE_FAMILY = "1,2";
			};
			name = Release;
		};
/* End XCBuildConfiguration section */

/* Begin XCConfigurationList section */
		DE8694DD21144E480028CC36 /* Build configuration list for PBXProject "ARSceneView_QRReadder" */ = {
			isa = XCConfigurationList;
			buildConfigurations = (
				DE8694F221144E570028CC36 /* Debug */,
				DE8694F321144E570028CC36 /* Release */,
			);
			defaultConfigurationIsVisible = 0;
			defaultConfigurationName = Release;
		};
		DE8694F421144E570028CC36 /* Build configuration list for PBXNativeTarget "ARSceneView_QRReadder" */ = {
			isa = XCConfigurationList;
			buildConfigurations = (
				DE8694F521144E570028CC36 /* Debug */,
				DE8694F621144E570028CC36 /* Release */,
			);
			defaultConfigurationIsVisible = 0;
			defaultConfigurationName = Release;
		};
/* End XCConfigurationList section */
	};
	rootObject = DE8694DA21144E480028CC36 /* Project object */;
}
